{"filter":false,"title":"Gemfile.lock","tooltip":"/repmax/Gemfile.lock","undoManager":{"mark":-1,"position":-1,"stack":[]},"ace":{"folds":[],"scrolltop":1560,"scrollleft":0,"selection":{"start":{"row":0,"column":0},"end":{"row":0,"column":0},"isBackwards":false},"options":{"guessTabSize":true,"useWrapMode":false,"wrapToView":true},"firstLineState":{"row":41,"state":"start","mode":"ace/mode/text"}},"hash":"84cd9e696f6d38f3839f29914fc6172c12c9f216","mime":"application/octet-stream","timestamp":1624180648345}