{"filter":false,"title":"Gemfile.lock","tooltip":"/message-board/Gemfile.lock","undoManager":{"mark":-1,"position":-1,"stack":[]},"ace":{"folds":[],"scrolltop":720,"scrollleft":0,"selection":{"start":{"row":0,"column":0},"end":{"row":0,"column":0},"isBackwards":false},"options":{"guessTabSize":true,"useWrapMode":false,"wrapToView":true},"firstLineState":0},"timestamp":1619097606935,"hash":"893d35754e2fe0919db4ffda0655b52e7919b78e"}